
Microsoft Visual Studio Solution File, Format Version 12.00
# Visual Studio Version 16
VisualStudioVersion = 16.0.28822.285
MinimumVisualStudioVersion = 10.0.40219.1
Project("{FAE04EC0-301F-11D3-BF4B-00C04F79EFBC}") = "AuthAPI", "AuthAPI\AuthAPI.csproj", "{17101C1B-40FE-4EFF-A8AE-A28DB2F64A7F}"
EndProject
Global
	GlobalSection(SolutionConfigurationPlatforms) = preSolution
		Debug|Any CPU = Debug|Any CPU
		Release|Any CPU = Release|Any CPU
	EndGlobalSection
	GlobalSection(ProjectConfigurationPlatforms) = postSolution
		{17101C1B-40FE-4EFF-A8AE-A28DB2F64A7F}.Debug|Any CPU.ActiveCfg = Debug|Any CPU
		{17101C1B-40FE-4EFF-A8AE-A28DB2F64A7F}.Debug|Any CPU.Build.0 = Debug|Any CPU
		{17101C1B-40FE-4EFF-A8AE-A28DB2F64A7F}.Release|Any CPU.ActiveCfg = Release|Any CPU
		{17101C1B-40FE-4EFF-A8AE-A28DB2F64A7F}.Release|Any CPU.Build.0 = Release|Any CPU
	EndGlobalSection
	GlobalSection(SolutionProperties) = preSolution
		HideSolutionNode = FALSE
	EndGlobalSection
	GlobalSection(ExtensibilityGlobals) = postSolution
		SolutionGuid = {32877832-4C0B-4390-92F0-92271E879A69}
	EndGlobalSection
EndGlobal
